
Microsoft Visual Studio Solution File, Format Version 12.00
# Visual Studio Version 17
VisualStudioVersion = 17.14.36310.24 d17.14
MinimumVisualStudioVersion = 10.0.40219.1
Project("{FAE04EC0-301F-11D3-BF4B-00C04F79EFBC}") = "WinFormsApp1", "WinFormsApp1.csproj", "{A850DA86-977D-4D0B-89B3-28A874800039}"
EndProject
Global
	GlobalSection(SolutionConfigurationPlatforms) = preSolution
		Debug|Any CPU = Debug|Any CPU
		Release|Any CPU = Release|Any CPU
	EndGlobalSection
	GlobalSection(ProjectConfigurationPlatforms) = postSolution
		{A850DA86-977D-4D0B-89B3-28A874800039}.Debug|Any CPU.ActiveCfg = Debug|Any CPU
		{A850DA86-977D-4D0B-89B3-28A874800039}.Debug|Any CPU.Build.0 = Debug|Any CPU
		{A850DA86-977D-4D0B-89B3-28A874800039}.Release|Any CPU.ActiveCfg = Release|Any CPU
		{A850DA86-977D-4D0B-89B3-28A874800039}.Release|Any CPU.Build.0 = Release|Any CPU
	EndGlobalSection
	GlobalSection(SolutionProperties) = preSolution
		HideSolutionNode = FALSE
	EndGlobalSection
	GlobalSection(ExtensibilityGlobals) = postSolution
		SolutionGuid = {79CE0C9B-4508-4310-AC2B-7A1BCC8EE7A6}
	EndGlobalSection
EndGlobal
